// !$*UTF8*$!
{
	archiveVersion = 1;
	classes = {
	};
	objectVersion = 51;
	objects = {

/* Begin PBXBuildFile section */
		1FF9A51C90DDEA18B3149B1D /* Pods_Housie.framework in Frameworks */ = {isa = PBXBuildFile; fileRef = 13948E98B6A518E0537D16C9 /* Pods_Housie.framework */; };
		888BD72726B9492700956410 /* User.swift in Sources */ = {isa = PBXBuildFile; fileRef = 888BD72626B9492700956410 /* User.swift */; };
		888BD72A26B9497F00956410 /* House.swift in Sources */ = {isa = PBXBuildFile; fileRef = 888BD72926B9497F00956410 /* House.swift */; };
		888BD72E26B95F2C00956410 /* SuperMario256.ttf in Resources */ = {isa = PBXBuildFile; fileRef = 888BD72D26B95F2C00956410 /* SuperMario256.ttf */; };
		88B328E826B89BBE00CC22F8 /* Tasks_ViewController.swift in Sources */ = {isa = PBXBuildFile; fileRef = 88B328E726B89BBE00CC22F8 /* Tasks_ViewController.swift */; };
		88B328EB26B89BF000CC22F8 /* Stats_ViewController.swift in Sources */ = {isa = PBXBuildFile; fileRef = 88B328EA26B89BF000CC22F8 /* Stats_ViewController.swift */; };
		88B328EE26B89C1100CC22F8 /* Badges_ViewController.swift in Sources */ = {isa = PBXBuildFile; fileRef = 88B328ED26B89C1100CC22F8 /* Badges_ViewController.swift */; };
		88B328F126B89C2900CC22F8 /* Homes_ViewController.swift in Sources */ = {isa = PBXBuildFile; fileRef = 88B328F026B89C2900CC22F8 /* Homes_ViewController.swift */; };
		88B328F426B89C4600CC22F8 /* Settings_ViewController.swift in Sources */ = {isa = PBXBuildFile; fileRef = 88B328F326B89C4600CC22F8 /* Settings_ViewController.swift */; };
		88B328FF26B8AF4200CC22F8 /* Menu_ViewController.swift in Sources */ = {isa = PBXBuildFile; fileRef = 88B328FE26B8AF4200CC22F8 /* Menu_ViewController.swift */; };
		88B3290826B8D16B00CC22F8 /* CaviarDreams.ttf in Resources */ = {isa = PBXBuildFile; fileRef = 88B3290726B8D16B00CC22F8 /* CaviarDreams.ttf */; };
		88C2A27926BC0BD300EE613D /* Event.swift in Sources */ = {isa = PBXBuildFile; fileRef = 88C2A27826BC0BD300EE613D /* Event.swift */; };
		88DE139E26B8953200256EB1 /* AppDelegate.swift in Sources */ = {isa = PBXBuildFile; fileRef = 88DE139D26B8953200256EB1 /* AppDelegate.swift */; };
		88DE13A026B8953200256EB1 /* SceneDelegate.swift in Sources */ = {isa = PBXBuildFile; fileRef = 88DE139F26B8953200256EB1 /* SceneDelegate.swift */; };
		88DE13A226B8953200256EB1 /* ViewController.swift in Sources */ = {isa = PBXBuildFile; fileRef = 88DE13A126B8953200256EB1 /* ViewController.swift */; };
		88DE13A526B8953200256EB1 /* Main.storyboard in Resources */ = {isa = PBXBuildFile; fileRef = 88DE13A326B8953200256EB1 /* Main.storyboard */; };
		88DE13A726B8953300256EB1 /* Assets.xcassets in Resources */ = {isa = PBXBuildFile; fileRef = 88DE13A626B8953300256EB1 /* Assets.xcassets */; };
		88DE13AA26B8953300256EB1 /* LaunchScreen.storyboard in Resources */ = {isa = PBXBuildFile; fileRef = 88DE13A826B8953300256EB1 /* LaunchScreen.storyboard */; };
		88E5E80D26B9E58100AF82EB /* HouseCell.swift in Sources */ = {isa = PBXBuildFile; fileRef = 88E5E80C26B9E58100AF82EB /* HouseCell.swift */; };
		88E5E81A26B9FB1600AF82EB /* HDNotificationViewAppearance.swift in Sources */ = {isa = PBXBuildFile; fileRef = 88E5E81726B9FB1600AF82EB /* HDNotificationViewAppearance.swift */; };
		88E5E81B26B9FB1600AF82EB /* HDNotificationData.swift in Sources */ = {isa = PBXBuildFile; fileRef = 88E5E81826B9FB1600AF82EB /* HDNotificationData.swift */; };
		88E5E81C26B9FB1600AF82EB /* HDNotificationView.swift in Sources */ = {isa = PBXBuildFile; fileRef = 88E5E81926B9FB1600AF82EB /* HDNotificationView.swift */; };
		88E5E82C26BA119A00AF82EB /* BadgeCell.swift in Sources */ = {isa = PBXBuildFile; fileRef = 88E5E82B26BA119A00AF82EB /* BadgeCell.swift */; };
		88E5E82F26BA121900AF82EB /* Badge.swift in Sources */ = {isa = PBXBuildFile; fileRef = 88E5E82E26BA121900AF82EB /* Badge.swift */; };
/* End PBXBuildFile section */

/* Begin PBXFileReference section */
		13948E98B6A518E0537D16C9 /* Pods_Housie.framework */ = {isa = PBXFileReference; explicitFileType = wrapper.framework; includeInIndex = 0; path = Pods_Housie.framework; sourceTree = BUILT_PRODUCTS_DIR; };
		6AE37A251E932817A74B5765 /* Pods-Housie.debug.xcconfig */ = {isa = PBXFileReference; includeInIndex = 1; lastKnownFileType = text.xcconfig; name = "Pods-Housie.debug.xcconfig"; path = "Target Support Files/Pods-Housie/Pods-Housie.debug.xcconfig"; sourceTree = "<group>"; };
		888BD72626B9492700956410 /* User.swift */ = {isa = PBXFileReference; lastKnownFileType = sourcecode.swift; path = User.swift; sourceTree = "<group>"; };
		888BD72926B9497F00956410 /* House.swift */ = {isa = PBXFileReference; lastKnownFileType = sourcecode.swift; path = House.swift; sourceTree = "<group>"; };
		888BD72D26B95F2C00956410 /* SuperMario256.ttf */ = {isa = PBXFileReference; lastKnownFileType = file; path = SuperMario256.ttf; sourceTree = "<group>"; };
		88B328E726B89BBE00CC22F8 /* Tasks_ViewController.swift */ = {isa = PBXFileReference; lastKnownFileType = sourcecode.swift; path = Tasks_ViewController.swift; sourceTree = "<group>"; };
		88B328EA26B89BF000CC22F8 /* Stats_ViewController.swift */ = {isa = PBXFileReference; lastKnownFileType = sourcecode.swift; path = Stats_ViewController.swift; sourceTree = "<group>"; };
		88B328ED26B89C1100CC22F8 /* Badges_ViewController.swift */ = {isa = PBXFileReference; lastKnownFileType = sourcecode.swift; path = Badges_ViewController.swift; sourceTree = "<group>"; };
		88B328F026B89C2900CC22F8 /* Homes_ViewController.swift */ = {isa = PBXFileReference; lastKnownFileType = sourcecode.swift; path = Homes_ViewController.swift; sourceTree = "<group>"; };
		88B328F326B89C4600CC22F8 /* Settings_ViewController.swift */ = {isa = PBXFileReference; lastKnownFileType = sourcecode.swift; path = Settings_ViewController.swift; sourceTree = "<group>"; };
		88B328FE26B8AF4200CC22F8 /* Menu_ViewController.swift */ = {isa = PBXFileReference; lastKnownFileType = sourcecode.swift; path = Menu_ViewController.swift; sourceTree = "<group>"; };
		88B3290726B8D16B00CC22F8 /* CaviarDreams.ttf */ = {isa = PBXFileReference; lastKnownFileType = file; path = CaviarDreams.ttf; sourceTree = "<group>"; };
		88C2A27826BC0BD300EE613D /* Event.swift */ = {isa = PBXFileReference; lastKnownFileType = sourcecode.swift; path = Event.swift; sourceTree = "<group>"; };
		88DE139A26B8953200256EB1 /* Housie.app */ = {isa = PBXFileReference; explicitFileType = wrapper.application; includeInIndex = 0; path = Housie.app; sourceTree = BUILT_PRODUCTS_DIR; };
		88DE139D26B8953200256EB1 /* AppDelegate.swift */ = {isa = PBXFileReference; lastKnownFileType = sourcecode.swift; path = AppDelegate.swift; sourceTree = "<group>"; };
		88DE139F26B8953200256EB1 /* SceneDelegate.swift */ = {isa = PBXFileReference; lastKnownFileType = sourcecode.swift; path = SceneDelegate.swift; sourceTree = "<group>"; };
		88DE13A126B8953200256EB1 /* ViewController.swift */ = {isa = PBXFileReference; lastKnownFileType = sourcecode.swift; path = ViewController.swift; sourceTree = "<group>"; };
		88DE13A426B8953200256EB1 /* Base */ = {isa = PBXFileReference; lastKnownFileType = file.storyboard; name = Base; path = Base.lproj/Main.storyboard; sourceTree = "<group>"; };
		88DE13A626B8953300256EB1 /* Assets.xcassets */ = {isa = PBXFileReference; lastKnownFileType = folder.assetcatalog; path = Assets.xcassets; sourceTree = "<group>"; };
		88DE13A926B8953300256EB1 /* Base */ = {isa = PBXFileReference; lastKnownFileType = file.storyboard; name = Base; path = Base.lproj/LaunchScreen.storyboard; sourceTree = "<group>"; };
		88DE13AB26B8953300256EB1 /* Info.plist */ = {isa = PBXFileReference; lastKnownFileType = text.plist.xml; path = Info.plist; sourceTree = "<group>"; };
		88E5E80C26B9E58100AF82EB /* HouseCell.swift */ = {isa = PBXFileReference; lastKnownFileType = sourcecode.swift; path = HouseCell.swift; sourceTree = "<group>"; };
		88E5E81726B9FB1600AF82EB /* HDNotificationViewAppearance.swift */ = {isa = PBXFileReference; fileEncoding = 4; lastKnownFileType = sourcecode.swift; path = HDNotificationViewAppearance.swift; sourceTree = "<group>"; };
		88E5E81826B9FB1600AF82EB /* HDNotificationData.swift */ = {isa = PBXFileReference; fileEncoding = 4; lastKnownFileType = sourcecode.swift; path = HDNotificationData.swift; sourceTree = "<group>"; };
		88E5E81926B9FB1600AF82EB /* HDNotificationView.swift */ = {isa = PBXFileReference; fileEncoding = 4; lastKnownFileType = sourcecode.swift; path = HDNotificationView.swift; sourceTree = "<group>"; };
		88E5E82B26BA119A00AF82EB /* BadgeCell.swift */ = {isa = PBXFileReference; lastKnownFileType = sourcecode.swift; path = BadgeCell.swift; sourceTree = "<group>"; };
		88E5E82E26BA121900AF82EB /* Badge.swift */ = {isa = PBXFileReference; lastKnownFileType = sourcecode.swift; path = Badge.swift; sourceTree = "<group>"; };
		B4C3738F088D82B587C7F65E /* Pods-Housie.release.xcconfig */ = {isa = PBXFileReference; includeInIndex = 1; lastKnownFileType = text.xcconfig; name = "Pods-Housie.release.xcconfig"; path = "Target Support Files/Pods-Housie/Pods-Housie.release.xcconfig"; sourceTree = "<group>"; };
/* End PBXFileReference section */

/* Begin PBXFrameworksBuildPhase section */
		88DE139726B8953200256EB1 /* Frameworks */ = {
			isa = PBXFrameworksBuildPhase;
			buildActionMask = 2147483647;
			files = (
				1FF9A51C90DDEA18B3149B1D /* Pods_Housie.framework in Frameworks */,
			);
			runOnlyForDeploymentPostprocessing = 0;
		};
/* End PBXFrameworksBuildPhase section */

/* Begin PBXGroup section */
		35E471646F0DFC0DEC955613 /* Frameworks */ = {
			isa = PBXGroup;
			children = (
				13948E98B6A518E0537D16C9 /* Pods_Housie.framework */,
			);
			name = Frameworks;
			sourceTree = "<group>";
		};
		7EE530DF29F959535FD5742F /* Pods */ = {
			isa = PBXGroup;
			children = (
				6AE37A251E932817A74B5765 /* Pods-Housie.debug.xcconfig */,
				B4C3738F088D82B587C7F65E /* Pods-Housie.release.xcconfig */,
			);
			path = Pods;
			sourceTree = "<group>";
		};
		88DE139126B8953200256EB1 = {
			isa = PBXGroup;
			children = (
				88DE139C26B8953200256EB1 /* Housie */,
				88DE139B26B8953200256EB1 /* Products */,
				7EE530DF29F959535FD5742F /* Pods */,
				35E471646F0DFC0DEC955613 /* Frameworks */,
			);
			sourceTree = "<group>";
		};
		88DE139B26B8953200256EB1 /* Products */ = {
			isa = PBXGroup;
			children = (
				88DE139A26B8953200256EB1 /* Housie.app */,
			);
			name = Products;
			sourceTree = "<group>";
		};
		88DE139C26B8953200256EB1 /* Housie */ = {
			isa = PBXGroup;
			children = (
				88E5E81826B9FB1600AF82EB /* HDNotificationData.swift */,
				88E5E81926B9FB1600AF82EB /* HDNotificationView.swift */,
				88E5E81726B9FB1600AF82EB /* HDNotificationViewAppearance.swift */,
				888BD72D26B95F2C00956410 /* SuperMario256.ttf */,
				88B3290726B8D16B00CC22F8 /* CaviarDreams.ttf */,
				88DE139D26B8953200256EB1 /* AppDelegate.swift */,
				88DE139F26B8953200256EB1 /* SceneDelegate.swift */,
				88DE13A126B8953200256EB1 /* ViewController.swift */,
				88DE13A326B8953200256EB1 /* Main.storyboard */,
				88DE13A626B8953300256EB1 /* Assets.xcassets */,
				88DE13A826B8953300256EB1 /* LaunchScreen.storyboard */,
				88DE13AB26B8953300256EB1 /* Info.plist */,
				88B328E726B89BBE00CC22F8 /* Tasks_ViewController.swift */,
				88B328EA26B89BF000CC22F8 /* Stats_ViewController.swift */,
				88B328ED26B89C1100CC22F8 /* Badges_ViewController.swift */,
				88B328F026B89C2900CC22F8 /* Homes_ViewController.swift */,
				88B328F326B89C4600CC22F8 /* Settings_ViewController.swift */,
				88B328FE26B8AF4200CC22F8 /* Menu_ViewController.swift */,
				888BD72626B9492700956410 /* User.swift */,
				888BD72926B9497F00956410 /* House.swift */,
				88E5E80C26B9E58100AF82EB /* HouseCell.swift */,
				88E5E82B26BA119A00AF82EB /* BadgeCell.swift */,
				88E5E82E26BA121900AF82EB /* Badge.swift */,
				88C2A27826BC0BD300EE613D /* Event.swift */,
			);
			path = Housie;
			sourceTree = "<group>";
		};
/* End PBXGroup section */

/* Begin PBXNativeTarget section */
		88DE139926B8953200256EB1 /* Housie */ = {
			isa = PBXNativeTarget;
			buildConfigurationList = 88DE13AE26B8953300256EB1 /* Build configuration list for PBXNativeTarget "Housie" */;
			buildPhases = (
				0AD4676C226B9668B5F3B60F /* [CP] Check Pods Manifest.lock */,
				88DE139626B8953200256EB1 /* Sources */,
				88DE139726B8953200256EB1 /* Frameworks */,
				88DE139826B8953200256EB1 /* Resources */,
				EED7CAF069D191E41E389F93 /* [CP] Embed Pods Frameworks */,
			);
			buildRules = (
			);
			dependencies = (
			);
			name = Housie;
			productName = Housie;
			productReference = 88DE139A26B8953200256EB1 /* Housie.app */;
			productType = "com.apple.product-type.application";
		};
/* End PBXNativeTarget section */

/* Begin PBXProject section */
		88DE139226B8953200256EB1 /* Project object */ = {
			isa = PBXProject;
			attributes = {
				LastSwiftUpdateCheck = 1200;
				LastUpgradeCheck = 1200;
				TargetAttributes = {
					88DE139926B8953200256EB1 = {
						CreatedOnToolsVersion = 12.0;
					};
				};
			};
			buildConfigurationList = 88DE139526B8953200256EB1 /* Build configuration list for PBXProject "Housie" */;
			compatibilityVersion = "Xcode 9.3";
			developmentRegion = en;
			hasScannedForEncodings = 0;
			knownRegions = (
				en,
				Base,
			);
			mainGroup = 88DE139126B8953200256EB1;
			productRefGroup = 88DE139B26B8953200256EB1 /* Products */;
			projectDirPath = "";
			projectRoot = "";
			targets = (
				88DE139926B8953200256EB1 /* Housie */,
			);
		};
/* End PBXProject section */

/* Begin PBXResourcesBuildPhase section */
		88DE139826B8953200256EB1 /* Resources */ = {
			isa = PBXResourcesBuildPhase;
			buildActionMask = 2147483647;
			files = (
				88DE13AA26B8953300256EB1 /* LaunchScreen.storyboard in Resources */,
				888BD72E26B95F2C00956410 /* SuperMario256.ttf in Resources */,
				88DE13A726B8953300256EB1 /* Assets.xcassets in Resources */,
				88B3290826B8D16B00CC22F8 /* CaviarDreams.ttf in Resources */,
				88DE13A526B8953200256EB1 /* Main.storyboard in Resources */,
			);
			runOnlyForDeploymentPostprocessing = 0;
		};
/* End PBXResourcesBuildPhase section */

/* Begin PBXShellScriptBuildPhase section */
		0AD4676C226B9668B5F3B60F /* [CP] Check Pods Manifest.lock */ = {
			isa = PBXShellScriptBuildPhase;
			buildActionMask = 2147483647;
			files = (
			);
			inputFileListPaths = (
			);
			inputPaths = (
				"${PODS_PODFILE_DIR_PATH}/Podfile.lock",
				"${PODS_ROOT}/Manifest.lock",
			);
			name = "[CP] Check Pods Manifest.lock";
			outputFileListPaths = (
			);
			outputPaths = (
				"$(DERIVED_FILE_DIR)/Pods-Housie-checkManifestLockResult.txt",
			);
			runOnlyForDeploymentPostprocessing = 0;
			shellPath = /bin/sh;
			shellScript = "diff \"${PODS_PODFILE_DIR_PATH}/Podfile.lock\" \"${PODS_ROOT}/Manifest.lock\" > /dev/null\nif [ $? != 0 ] ; then\n    # print error to STDERR\n    echo \"error: The sandbox is not in sync with the Podfile.lock. Run 'pod install' or update your CocoaPods installation.\" >&2\n    exit 1\nfi\n# This output is used by Xcode 'outputs' to avoid re-running this script phase.\necho \"SUCCESS\" > \"${SCRIPT_OUTPUT_FILE_0}\"\n";
			showEnvVarsInLog = 0;
		};
		EED7CAF069D191E41E389F93 /* [CP] Embed Pods Frameworks */ = {
			isa = PBXShellScriptBuildPhase;
			buildActionMask = 2147483647;
			files = (
			);
			inputFileListPaths = (
				"${PODS_ROOT}/Target Support Files/Pods-Housie/Pods-Housie-frameworks-${CONFIGURATION}-input-files.xcfilelist",
			);
			name = "[CP] Embed Pods Frameworks";
			outputFileListPaths = (
				"${PODS_ROOT}/Target Support Files/Pods-Housie/Pods-Housie-frameworks-${CONFIGURATION}-output-files.xcfilelist",
			);
			runOnlyForDeploymentPostprocessing = 0;
			shellPath = /bin/sh;
			shellScript = "\"${PODS_ROOT}/Target Support Files/Pods-Housie/Pods-Housie-frameworks.sh\"\n";
			showEnvVarsInLog = 0;
		};
/* End PBXShellScriptBuildPhase section */

/* Begin PBXSourcesBuildPhase section */
		88DE139626B8953200256EB1 /* Sources */ = {
			isa = PBXSourcesBuildPhase;
			buildActionMask = 2147483647;
			files = (
				88B328EB26B89BF000CC22F8 /* Stats_ViewController.swift in Sources */,
				88E5E82F26BA121900AF82EB /* Badge.swift in Sources */,
				88DE13A226B8953200256EB1 /* ViewController.swift in Sources */,
				88B328F126B89C2900CC22F8 /* Homes_ViewController.swift in Sources */,
				88B328EE26B89C1100CC22F8 /* Badges_ViewController.swift in Sources */,
				88B328E826B89BBE00CC22F8 /* Tasks_ViewController.swift in Sources */,
				88DE139E26B8953200256EB1 /* AppDelegate.swift in Sources */,
				88E5E81B26B9FB1600AF82EB /* HDNotificationData.swift in Sources */,
				88DE13A026B8953200256EB1 /* SceneDelegate.swift in Sources */,
				88B328FF26B8AF4200CC22F8 /* Menu_ViewController.swift in Sources */,
				88C2A27926BC0BD300EE613D /* Event.swift in Sources */,
				88E5E81C26B9FB1600AF82EB /* HDNotificationView.swift in Sources */,
				888BD72726B9492700956410 /* User.swift in Sources */,
				888BD72A26B9497F00956410 /* House.swift in Sources */,
				88E5E80D26B9E58100AF82EB /* HouseCell.swift in Sources */,
				88E5E82C26BA119A00AF82EB /* BadgeCell.swift in Sources */,
				88B328F426B89C4600CC22F8 /* Settings_ViewController.swift in Sources */,
				88E5E81A26B9FB1600AF82EB /* HDNotificationViewAppearance.swift in Sources */,
			);
			runOnlyForDeploymentPostprocessing = 0;
		};
/* End PBXSourcesBuildPhase section */

/* Begin PBXVariantGroup section */
		88DE13A326B8953200256EB1 /* Main.storyboard */ = {
			isa = PBXVariantGroup;
			children = (
				88DE13A426B8953200256EB1 /* Base */,
			);
			name = Main.storyboard;
			sourceTree = "<group>";
		};
		88DE13A826B8953300256EB1 /* LaunchScreen.storyboard */ = {
			isa = PBXVariantGroup;
			children = (
				88DE13A926B8953300256EB1 /* Base */,
			);
			name = LaunchScreen.storyboard;
			sourceTree = "<group>";
		};
/* End PBXVariantGroup section */

/* Begin XCBuildConfiguration section */
		88DE13AC26B8953300256EB1 /* Debug */ = {
			isa = XCBuildConfiguration;
			buildSettings = {
				ALWAYS_SEARCH_USER_PATHS = NO;
				CLANG_ANALYZER_NONNULL = YES;
				CLANG_ANALYZER_NUMBER_OBJECT_CONVERSION = YES_AGGRESSIVE;
				CLANG_CXX_LANGUAGE_STANDARD = "gnu++14";
				CLANG_CXX_LIBRARY = "libc++";
				CLANG_ENABLE_MODULES = YES;
				CLANG_ENABLE_OBJC_ARC = YES;
				CLANG_ENABLE_OBJC_WEAK = YES;
				CLANG_WARN_BLOCK_CAPTURE_AUTORELEASING = YES;
				CLANG_WARN_BOOL_CONVERSION = YES;
				CLANG_WARN_COMMA = YES;
				CLANG_WARN_CONSTANT_CONVERSION = YES;
				CLANG_WARN_DEPRECATED_OBJC_IMPLEMENTATIONS = YES;
				CLANG_WARN_DIRECT_OBJC_ISA_USAGE = YES_ERROR;
				CLANG_WARN_DOCUMENTATION_COMMENTS = YES;
				CLANG_WARN_EMPTY_BODY = YES;
				CLANG_WARN_ENUM_CONVERSION = YES;
				CLANG_WARN_INFINITE_RECURSION = YES;
				CLANG_WARN_INT_CONVERSION = YES;
				CLANG_WARN_NON_LITERAL_NULL_CONVERSION = YES;
				CLANG_WARN_OBJC_IMPLICIT_RETAIN_SELF = YES;
				CLANG_WARN_OBJC_LITERAL_CONVERSION = YES;
				CLANG_WARN_OBJC_ROOT_CLASS = YES_ERROR;
				CLANG_WARN_QUOTED_INCLUDE_IN_FRAMEWORK_HEADER = YES;
				CLANG_WARN_RANGE_LOOP_ANALYSIS = YES;
				CLANG_WARN_STRICT_PROTOTYPES = YES;
				CLANG_WARN_SUSPICIOUS_MOVE = YES;
				CLANG_WARN_UNGUARDED_AVAILABILITY = YES_AGGRESSIVE;
				CLANG_WARN_UNREACHABLE_CODE = YES;
				CLANG_WARN__DUPLICATE_METHOD_MATCH = YES;
				COPY_PHASE_STRIP = NO;
				DEBUG_INFORMATION_FORMAT = dwarf;
				ENABLE_STRICT_OBJC_MSGSEND = YES;
				ENABLE_TESTABILITY = YES;
				GCC_C_LANGUAGE_STANDARD = gnu11;
				GCC_DYNAMIC_NO_PIC = NO;
				GCC_NO_COMMON_BLOCKS = YES;
				GCC_OPTIMIZATION_LEVEL = 0;
				GCC_PREPROCESSOR_DEFINITIONS = (
					"DEBUG=1",
					"$(inherited)",
				);
				GCC_WARN_64_TO_32_BIT_CONVERSION = YES;
				GCC_WARN_ABOUT_RETURN_TYPE = YES_ERROR;
				GCC_WARN_UNDECLARED_SELECTOR = YES;
				GCC_WARN_UNINITIALIZED_AUTOS = YES_AGGRESSIVE;
				GCC_WARN_UNUSED_FUNCTION = YES;
				GCC_WARN_UNUSED_VARIABLE = YES;
				IPHONEOS_DEPLOYMENT_TARGET = 14.0;
				MTL_ENABLE_DEBUG_INFO = INCLUDE_SOURCE;
				MTL_FAST_MATH = YES;
				ONLY_ACTIVE_ARCH = YES;
				SDKROOT = iphoneos;
				SWIFT_ACTIVE_COMPILATION_CONDITIONS = DEBUG;
				SWIFT_OPTIMIZATION_LEVEL = "-Onone";
			};
			name = Debug;
		};
		88DE13AD26B8953300256EB1 /* Release */ = {
			isa = XCBuildConfiguration;
			buildSettings = {
				ALWAYS_SEARCH_USER_PATHS = NO;
				CLANG_ANALYZER_NONNULL = YES;
				CLANG_ANALYZER_NUMBER_OBJECT_CONVERSION = YES_AGGRESSIVE;
				CLANG_CXX_LANGUAGE_STANDARD = "gnu++14";
				CLANG_CXX_LIBRARY = "libc++";
				CLANG_ENABLE_MODULES = YES;
				CLANG_ENABLE_OBJC_ARC = YES;
				CLANG_ENABLE_OBJC_WEAK = YES;
				CLANG_WARN_BLOCK_CAPTURE_AUTORELEASING = YES;
				CLANG_WARN_BOOL_CONVERSION = YES;
				CLANG_WARN_COMMA = YES;
				CLANG_WARN_CONSTANT_CONVERSION = YES;
				CLANG_WARN_DEPRECATED_OBJC_IMPLEMENTATIONS = YES;
				CLANG_WARN_DIRECT_OBJC_ISA_USAGE = YES_ERROR;
				CLANG_WARN_DOCUMENTATION_COMMENTS = YES;
				CLANG_WARN_EMPTY_BODY = YES;
				CLANG_WARN_ENUM_CONVERSION = YES;
				CLANG_WARN_INFINITE_RECURSION = YES;
				CLANG_WARN_INT_CONVERSION = YES;
				CLANG_WARN_NON_LITERAL_NULL_CONVERSION = YES;
				CLANG_WARN_OBJC_IMPLICIT_RETAIN_SELF = YES;
				CLANG_WARN_OBJC_LITERAL_CONVERSION = YES;
				CLANG_WARN_OBJC_ROOT_CLASS = YES_ERROR;
				CLANG_WARN_QUOTED_INCLUDE_IN_FRAMEWORK_HEADER = YES;
				CLANG_WARN_RANGE_LOOP_ANALYSIS = YES;
				CLANG_WARN_STRICT_PROTOTYPES = YES;
				CLANG_WARN_SUSPICIOUS_MOVE = YES;
				CLANG_WARN_UNGUARDED_AVAILABILITY = YES_AGGRESSIVE;
				CLANG_WARN_UNREACHABLE_CODE = YES;
				CLANG_WARN__DUPLICATE_METHOD_MATCH = YES;
				COPY_PHASE_STRIP = NO;
				DEBUG_INFORMATION_FORMAT = "dwarf-with-dsym";
				ENABLE_NS_ASSERTIONS = NO;
				ENABLE_STRICT_OBJC_MSGSEND = YES;
				GCC_C_LANGUAGE_STANDARD = gnu11;
				GCC_NO_COMMON_BLOCKS = YES;
				GCC_WARN_64_TO_32_BIT_CONVERSION = YES;
				GCC_WARN_ABOUT_RETURN_TYPE = YES_ERROR;
				GCC_WARN_UNDECLARED_SELECTOR = YES;
				GCC_WARN_UNINITIALIZED_AUTOS = YES_AGGRESSIVE;
				GCC_WARN_UNUSED_FUNCTION = YES;
				GCC_WARN_UNUSED_VARIABLE = YES;
				IPHONEOS_DEPLOYMENT_TARGET = 14.0;
				MTL_ENABLE_DEBUG_INFO = NO;
				MTL_FAST_MATH = YES;
				SDKROOT = iphoneos;
				SWIFT_COMPILATION_MODE = wholemodule;
				SWIFT_OPTIMIZATION_LEVEL = "-O";
				VALIDATE_PRODUCT = YES;
			};
			name = Release;
		};
		88DE13AF26B8953300256EB1 /* Debug */ = {
			isa = XCBuildConfiguration;
			baseConfigurationReference = 6AE37A251E932817A74B5765 /* Pods-Housie.debug.xcconfig */;
			buildSettings = {
				ASSETCATALOG_COMPILER_APPICON_NAME = housie_app_icon;
				ASSETCATALOG_COMPILER_GLOBAL_ACCENT_COLOR_NAME = AccentColor;
				CODE_SIGN_STYLE = Automatic;
				DEVELOPMENT_TEAM = CMCESWENEQ;
				INFOPLIST_FILE = Housie/Info.plist;
				LD_RUNPATH_SEARCH_PATHS = (
					"$(inherited)",
					"@executable_path/Frameworks",
				);
				MARKETING_VERSION = 2.0;
				PRODUCT_BUNDLE_IDENTIFIER = com.cyberfacility.Housie;
				PRODUCT_NAME = "$(TARGET_NAME)";
				SWIFT_VERSION = 5.0;
				TARGETED_DEVICE_FAMILY = 1;
			};
			name = Debug;
		};
		88DE13B026B8953300256EB1 /* Release */ = {
			isa = XCBuildConfiguration;
			baseConfigurationReference = B4C3738F088D82B587C7F65E /* Pods-Housie.release.xcconfig */;
			buildSettings = {
				ASSETCATALOG_COMPILER_APPICON_NAME = housie_app_icon;
				ASSETCATALOG_COMPILER_GLOBAL_ACCENT_COLOR_NAME = AccentColor;
				CODE_SIGN_STYLE = Automatic;
				DEVELOPMENT_TEAM = CMCESWENEQ;
				INFOPLIST_FILE = Housie/Info.plist;
				LD_RUNPATH_SEARCH_PATHS = (
					"$(inherited)",
					"@executable_path/Frameworks",
				);
				MARKETING_VERSION = 2.0;
				PRODUCT_BUNDLE_IDENTIFIER = com.cyberfacility.Housie;
				PRODUCT_NAME = "$(TARGET_NAME)";
				SWIFT_VERSION = 5.0;
				TARGETED_DEVICE_FAMILY = 1;
			};
			name = Release;
		};
/* End XCBuildConfiguration section */

/* Begin XCConfigurationList section */
		88DE139526B8953200256EB1 /* Build configuration list for PBXProject "Housie" */ = {
			isa = XCConfigurationList;
			buildConfigurations = (
				88DE13AC26B8953300256EB1 /* Debug */,
				88DE13AD26B8953300256EB1 /* Release */,
			);
			defaultConfigurationIsVisible = 0;
			defaultConfigurationName = Release;
		};
		88DE13AE26B8953300256EB1 /* Build configuration list for PBXNativeTarget "Housie" */ = {
			isa = XCConfigurationList;
			buildConfigurations = (
				88DE13AF26B8953300256EB1 /* Debug */,
				88DE13B026B8953300256EB1 /* Release */,
			);
			defaultConfigurationIsVisible = 0;
			defaultConfigurationName = Release;
		};
/* End XCConfigurationList section */
	};
	rootObject = 88DE139226B8953200256EB1 /* Project object */;
}
